// !$*UTF8*$!
{
	archiveVersion = 1;
	classes = {
	};
	objectVersion = 45;
	objects = {

/* Begin PBXBuildFile section */
		1D3623260D0F684500981E51 /* StationFinderAppDelegate.m in Sources */ = {isa = PBXBuildFile; fileRef = 1D3623250D0F684500981E51 /* StationFinderAppDelegate.m */; };
		1D60589B0D05DD56006BFB54 /* main.m in Sources */ = {isa = PBXBuildFile; fileRef = 29B97316FDCFA39411CA2CEA /* main.m */; };
		1D60589F0D05DD5A006BFB54 /* Foundation.framework in Frameworks */ = {isa = PBXBuildFile; fileRef = 1D30AB110D05D00D00671497 /* Foundation.framework */; };
		1DF5F4E00D08C38300B7A737 /* UIKit.framework in Frameworks */ = {isa = PBXBuildFile; fileRef = 1DF5F4DF0D08C38300B7A737 /* UIKit.framework */; };
		2899E5220DE3E06400AC0155 /* StationListingViewController.xib in Resources */ = {isa = PBXBuildFile; fileRef = 2899E5210DE3E06400AC0155 /* StationListingViewController.xib */; };
		28AD733F0D9D9553002E5188 /* MainWindow.xib in Resources */ = {isa = PBXBuildFile; fileRef = 28AD733E0D9D9553002E5188 /* MainWindow.xib */; };
		28D7ACF80DDB3853001CB0EB /* StationListingViewController.m in Sources */ = {isa = PBXBuildFile; fileRef = 28D7ACF70DDB3853001CB0EB /* StationListingViewController.m */; };
		640AE5D51100D382002A4597 /* TestStation.m in Sources */ = {isa = PBXBuildFile; fileRef = 640AE5D41100D382002A4597 /* TestStation.m */; };
		640AE5E11100D5A6002A4597 /* Station.m in Sources */ = {isa = PBXBuildFile; fileRef = AF3C35E80F5742B20007C667 /* Station.m */; };
		64546A6E1100C02D000AB949 /* libGHUnitIPhone3_0.a in Frameworks */ = {isa = PBXBuildFile; fileRef = 64546A681100C02D000AB949 /* libGHUnitIPhone3_0.a */; };
		64546A701100C02D000AB949 /* RunTests.sh in Resources */ = {isa = PBXBuildFile; fileRef = 64546A6C1100C02D000AB949 /* RunTests.sh */; };
		64546A7D1100C1C5000AB949 /* Foundation.framework in Frameworks */ = {isa = PBXBuildFile; fileRef = 64546A7C1100C1C5000AB949 /* Foundation.framework */; };
		64546A7F1100C1CA000AB949 /* UIKit.framework in Frameworks */ = {isa = PBXBuildFile; fileRef = 64546A7E1100C1CA000AB949 /* UIKit.framework */; };
		64546A811100C1CE000AB949 /* CoreGraphics.framework in Frameworks */ = {isa = PBXBuildFile; fileRef = 64546A801100C1CE000AB949 /* CoreGraphics.framework */; };
		64546A831100C1D8000AB949 /* CoreLocation.framework in Frameworks */ = {isa = PBXBuildFile; fileRef = 64546A821100C1D8000AB949 /* CoreLocation.framework */; };
		64546A841100C1EC000AB949 /* libGHUnitIPhone3_0.a in Frameworks */ = {isa = PBXBuildFile; fileRef = 64546A681100C02D000AB949 /* libGHUnitIPhone3_0.a */; };
		64546A931100C412000AB949 /* GHUnitIPhoneTestMain.m in Sources */ = {isa = PBXBuildFile; fileRef = 64546A661100C02D000AB949 /* GHUnitIPhoneTestMain.m */; };
		64546A981100C4E3000AB949 /* TestParsing.m in Sources */ = {isa = PBXBuildFile; fileRef = 64546A971100C4E3000AB949 /* TestParsing.m */; };
		AF3C35E90F5742B20007C667 /* Station.m in Sources */ = {isa = PBXBuildFile; fileRef = AF3C35E80F5742B20007C667 /* Station.m */; };
		AFFDFAB80F5EEF0300CF312B /* StationXmlReader.m in Sources */ = {isa = PBXBuildFile; fileRef = AFFDFAB70F5EEF0300CF312B /* StationXmlReader.m */; };
		D309B6FC0F76908E009E29A2 /* StationLoadingViewController.m in Sources */ = {isa = PBXBuildFile; fileRef = D309B6FB0F76908E009E29A2 /* StationLoadingViewController.m */; };
		D31BC1800F75AB3D005DE40E /* StationLoadingViewController.xib in Resources */ = {isa = PBXBuildFile; fileRef = D31BC17F0F75AB3D005DE40E /* StationLoadingViewController.xib */; };
		D31E12780FB1F4A800B9799F /* StationDetailViewController.xib in Resources */ = {isa = PBXBuildFile; fileRef = D31E12770FB1F4A800B9799F /* StationDetailViewController.xib */; };
		D31E127B0FB1F4CD00B9799F /* StationDetailViewController.m in Sources */ = {isa = PBXBuildFile; fileRef = D31E127A0FB1F4CD00B9799F /* StationDetailViewController.m */; };
		D336232E0F92618D00AA0C32 /* StationCell.m in Sources */ = {isa = PBXBuildFile; fileRef = D336232D0F92618D00AA0C32 /* StationCell.m */; };
		D33623670F92640900AA0C32 /* radio-1.png in Resources */ = {isa = PBXBuildFile; fileRef = D336233F0F92640800AA0C32 /* radio-1.png */; };
		D33623680F92640900AA0C32 /* radio-10.png in Resources */ = {isa = PBXBuildFile; fileRef = D33623400F92640800AA0C32 /* radio-10.png */; };
		D33623690F92640900AA0C32 /* radio-11.png in Resources */ = {isa = PBXBuildFile; fileRef = D33623410F92640800AA0C32 /* radio-11.png */; };
		D336236A0F92640900AA0C32 /* radio-12.png in Resources */ = {isa = PBXBuildFile; fileRef = D33623420F92640800AA0C32 /* radio-12.png */; };
		D336236B0F92640900AA0C32 /* radio-13.png in Resources */ = {isa = PBXBuildFile; fileRef = D33623430F92640800AA0C32 /* radio-13.png */; };
		D336236C0F92640900AA0C32 /* radio-14.png in Resources */ = {isa = PBXBuildFile; fileRef = D33623440F92640800AA0C32 /* radio-14.png */; };
		D336236D0F92640900AA0C32 /* radio-15.png in Resources */ = {isa = PBXBuildFile; fileRef = D33623450F92640800AA0C32 /* radio-15.png */; };
		D336236E0F92640900AA0C32 /* radio-16.png in Resources */ = {isa = PBXBuildFile; fileRef = D33623460F92640800AA0C32 /* radio-16.png */; };
		D336236F0F92640900AA0C32 /* radio-17.png in Resources */ = {isa = PBXBuildFile; fileRef = D33623470F92640800AA0C32 /* radio-17.png */; };
		D33623700F92640900AA0C32 /* radio-18.png in Resources */ = {isa = PBXBuildFile; fileRef = D33623480F92640800AA0C32 /* radio-18.png */; };
		D33623710F92640900AA0C32 /* radio-19.png in Resources */ = {isa = PBXBuildFile; fileRef = D33623490F92640800AA0C32 /* radio-19.png */; };
		D33623720F92640900AA0C32 /* radio-2.png in Resources */ = {isa = PBXBuildFile; fileRef = D336234A0F92640800AA0C32 /* radio-2.png */; };
		D33623730F92640900AA0C32 /* radio-20.png in Resources */ = {isa = PBXBuildFile; fileRef = D336234B0F92640800AA0C32 /* radio-20.png */; };
		D33623740F92640900AA0C32 /* radio-21.png in Resources */ = {isa = PBXBuildFile; fileRef = D336234C0F92640800AA0C32 /* radio-21.png */; };
		D33623750F92640900AA0C32 /* radio-22.png in Resources */ = {isa = PBXBuildFile; fileRef = D336234D0F92640800AA0C32 /* radio-22.png */; };
		D33623760F92640900AA0C32 /* radio-23.png in Resources */ = {isa = PBXBuildFile; fileRef = D336234E0F92640800AA0C32 /* radio-23.png */; };
		D33623770F92640900AA0C32 /* radio-24.png in Resources */ = {isa = PBXBuildFile; fileRef = D336234F0F92640800AA0C32 /* radio-24.png */; };
		D33623780F92640900AA0C32 /* radio-25.png in Resources */ = {isa = PBXBuildFile; fileRef = D33623500F92640800AA0C32 /* radio-25.png */; };
		D33623790F92640900AA0C32 /* radio-26.png in Resources */ = {isa = PBXBuildFile; fileRef = D33623510F92640800AA0C32 /* radio-26.png */; };
		D336237A0F92640900AA0C32 /* radio-27.png in Resources */ = {isa = PBXBuildFile; fileRef = D33623520F92640800AA0C32 /* radio-27.png */; };
		D336237B0F92640900AA0C32 /* radio-28.png in Resources */ = {isa = PBXBuildFile; fileRef = D33623530F92640800AA0C32 /* radio-28.png */; };
		D336237C0F92640900AA0C32 /* radio-29.png in Resources */ = {isa = PBXBuildFile; fileRef = D33623540F92640800AA0C32 /* radio-29.png */; };
		D336237D0F92640900AA0C32 /* radio-3.png in Resources */ = {isa = PBXBuildFile; fileRef = D33623550F92640800AA0C32 /* radio-3.png */; };
		D336237E0F92640900AA0C32 /* radio-30.png in Resources */ = {isa = PBXBuildFile; fileRef = D33623560F92640800AA0C32 /* radio-30.png */; };
		D336237F0F92640900AA0C32 /* radio-31.png in Resources */ = {isa = PBXBuildFile; fileRef = D33623570F92640800AA0C32 /* radio-31.png */; };
		D33623800F92640900AA0C32 /* radio-32.png in Resources */ = {isa = PBXBuildFile; fileRef = D33623580F92640800AA0C32 /* radio-32.png */; };
		D33623810F92640900AA0C32 /* radio-33.png in Resources */ = {isa = PBXBuildFile; fileRef = D33623590F92640800AA0C32 /* radio-33.png */; };
		D33623820F92640900AA0C32 /* radio-34.png in Resources */ = {isa = PBXBuildFile; fileRef = D336235A0F92640800AA0C32 /* radio-34.png */; };
		D33623830F92640900AA0C32 /* radio-35.png in Resources */ = {isa = PBXBuildFile; fileRef = D336235B0F92640800AA0C32 /* radio-35.png */; };
		D33623840F92640900AA0C32 /* radio-36.png in Resources */ = {isa = PBXBuildFile; fileRef = D336235C0F92640800AA0C32 /* radio-36.png */; };
		D33623850F92640900AA0C32 /* radio-37.png in Resources */ = {isa = PBXBuildFile; fileRef = D336235D0F92640800AA0C32 /* radio-37.png */; };
		D33623860F92640900AA0C32 /* radio-38.png in Resources */ = {isa = PBXBuildFile; fileRef = D336235E0F92640800AA0C32 /* radio-38.png */; };
		D33623870F92640900AA0C32 /* radio-39.png in Resources */ = {isa = PBXBuildFile; fileRef = D336235F0F92640800AA0C32 /* radio-39.png */; };
		D33623880F92640900AA0C32 /* radio-4.png in Resources */ = {isa = PBXBuildFile; fileRef = D33623600F92640800AA0C32 /* radio-4.png */; };
		D33623890F92640900AA0C32 /* radio-40.png in Resources */ = {isa = PBXBuildFile; fileRef = D33623610F92640900AA0C32 /* radio-40.png */; };
		D336238A0F92640900AA0C32 /* radio-5.png in Resources */ = {isa = PBXBuildFile; fileRef = D33623620F92640900AA0C32 /* radio-5.png */; };
		D336238B0F92640900AA0C32 /* radio-6.png in Resources */ = {isa = PBXBuildFile; fileRef = D33623630F92640900AA0C32 /* radio-6.png */; };
		D336238C0F92640900AA0C32 /* radio-7.png in Resources */ = {isa = PBXBuildFile; fileRef = D33623640F92640900AA0C32 /* radio-7.png */; };
		D336238D0F92640900AA0C32 /* radio-8.png in Resources */ = {isa = PBXBuildFile; fileRef = D33623650F92640900AA0C32 /* radio-8.png */; };
		D336238E0F92640900AA0C32 /* radio-9.png in Resources */ = {isa = PBXBuildFile; fileRef = D33623660F92640900AA0C32 /* radio-9.png */; };
		D363E5BB0F8964D7005A3CE1 /* Default.png in Resources */ = {isa = PBXBuildFile; fileRef = D363E5BA0F8964D7005A3CE1 /* Default.png */; };
		D363E5C40F896603005A3CE1 /* radio.png in Resources */ = {isa = PBXBuildFile; fileRef = D363E5C30F896603005A3CE1 /* radio.png */; };
		D39066B10F60A3A60084EF32 /* CoreGraphics.framework in Frameworks */ = {isa = PBXBuildFile; fileRef = D39066B00F60A3A60084EF32 /* CoreGraphics.framework */; };
		D3A29E4A0F5F8A240021E1B6 /* CoreLocation.framework in Frameworks */ = {isa = PBXBuildFile; fileRef = D3A29E490F5F8A240021E1B6 /* CoreLocation.framework */; };
		D3E4D2080F8AE55500D6E6B7 /* StationCell.xib in Resources */ = {isa = PBXBuildFile; fileRef = D3E4D2070F8AE55500D6E6B7 /* StationCell.xib */; };
/* End PBXBuildFile section */

/* Begin PBXFileReference section */
		1D30AB110D05D00D00671497 /* Foundation.framework */ = {isa = PBXFileReference; lastKnownFileType = wrapper.framework; name = Foundation.framework; path = System/Library/Frameworks/Foundation.framework; sourceTree = SDKROOT; };
		1D3623240D0F684500981E51 /* StationFinderAppDelegate.h */ = {isa = PBXFileReference; fileEncoding = 4; lastKnownFileType = sourcecode.c.h; path = StationFinderAppDelegate.h; sourceTree = "<group>"; };
		1D3623250D0F684500981E51 /* StationFinderAppDelegate.m */ = {isa = PBXFileReference; fileEncoding = 4; lastKnownFileType = sourcecode.c.objc; path = StationFinderAppDelegate.m; sourceTree = "<group>"; };
		1D6058910D05DD3D006BFB54 /* StationFinder.app */ = {isa = PBXFileReference; explicitFileType = wrapper.application; includeInIndex = 0; path = StationFinder.app; sourceTree = BUILT_PRODUCTS_DIR; };
		1DF5F4DF0D08C38300B7A737 /* UIKit.framework */ = {isa = PBXFileReference; lastKnownFileType = wrapper.framework; name = UIKit.framework; path = System/Library/Frameworks/UIKit.framework; sourceTree = SDKROOT; };
		2899E5210DE3E06400AC0155 /* StationListingViewController.xib */ = {isa = PBXFileReference; lastKnownFileType = file.xib; path = StationListingViewController.xib; sourceTree = "<group>"; };
		28AD733E0D9D9553002E5188 /* MainWindow.xib */ = {isa = PBXFileReference; lastKnownFileType = file.xib; path = MainWindow.xib; sourceTree = "<group>"; };
		28D7ACF60DDB3853001CB0EB /* StationListingViewController.h */ = {isa = PBXFileReference; fileEncoding = 4; lastKnownFileType = sourcecode.c.h; path = StationListingViewController.h; sourceTree = "<group>"; };
		28D7ACF70DDB3853001CB0EB /* StationListingViewController.m */ = {isa = PBXFileReference; fileEncoding = 4; lastKnownFileType = sourcecode.c.objc; path = StationListingViewController.m; sourceTree = "<group>"; };
		29B97316FDCFA39411CA2CEA /* main.m */ = {isa = PBXFileReference; fileEncoding = 4; lastKnownFileType = sourcecode.c.objc; path = main.m; sourceTree = "<group>"; };
		32CA4F630368D1EE00C91783 /* StationFinder_Prefix.pch */ = {isa = PBXFileReference; fileEncoding = 4; lastKnownFileType = sourcecode.c.h; path = StationFinder_Prefix.pch; sourceTree = "<group>"; };
		640AE5D41100D382002A4597 /* TestStation.m */ = {isa = PBXFileReference; fileEncoding = 4; lastKnownFileType = sourcecode.c.objc; path = TestStation.m; sourceTree = "<group>"; };
		64546A5C1100C02D000AB949 /* GHAsyncTestCase.h */ = {isa = PBXFileReference; fileEncoding = 4; lastKnownFileType = sourcecode.c.h; path = GHAsyncTestCase.h; sourceTree = "<group>"; };
		64546A5D1100C02D000AB949 /* GHTest.h */ = {isa = PBXFileReference; fileEncoding = 4; lastKnownFileType = sourcecode.c.h; path = GHTest.h; sourceTree = "<group>"; };
		64546A5E1100C02D000AB949 /* GHTestCase.h */ = {isa = PBXFileReference; fileEncoding = 4; lastKnownFileType = sourcecode.c.h; path = GHTestCase.h; sourceTree = "<group>"; };
		64546A5F1100C02D000AB949 /* GHTestGroup.h */ = {isa = PBXFileReference; fileEncoding = 4; lastKnownFileType = sourcecode.c.h; path = GHTestGroup.h; sourceTree = "<group>"; };
		64546A601100C02D000AB949 /* GHTesting.h */ = {isa = PBXFileReference; fileEncoding = 4; lastKnownFileType = sourcecode.c.h; path = GHTesting.h; sourceTree = "<group>"; };
		64546A611100C02D000AB949 /* GHTestMacros.h */ = {isa = PBXFileReference; fileEncoding = 4; lastKnownFileType = sourcecode.c.h; path = GHTestMacros.h; sourceTree = "<group>"; };
		64546A621100C02D000AB949 /* GHTestRunner.h */ = {isa = PBXFileReference; fileEncoding = 4; lastKnownFileType = sourcecode.c.h; path = GHTestRunner.h; sourceTree = "<group>"; };
		64546A631100C02D000AB949 /* GHTestSuite.h */ = {isa = PBXFileReference; fileEncoding = 4; lastKnownFileType = sourcecode.c.h; path = GHTestSuite.h; sourceTree = "<group>"; };
		64546A641100C02D000AB949 /* GHUnit.h */ = {isa = PBXFileReference; fileEncoding = 4; lastKnownFileType = sourcecode.c.h; path = GHUnit.h; sourceTree = "<group>"; };
		64546A651100C02D000AB949 /* GHUnitIPhoneAppDelegate.h */ = {isa = PBXFileReference; fileEncoding = 4; lastKnownFileType = sourcecode.c.h; path = GHUnitIPhoneAppDelegate.h; sourceTree = "<group>"; };
		64546A661100C02D000AB949 /* GHUnitIPhoneTestMain.m */ = {isa = PBXFileReference; fileEncoding = 4; lastKnownFileType = sourcecode.c.objc; path = GHUnitIPhoneTestMain.m; sourceTree = "<group>"; };
		64546A671100C02D000AB949 /* GHUNSObject+Swizzle.h */ = {isa = PBXFileReference; fileEncoding = 4; lastKnownFileType = sourcecode.c.h; path = "GHUNSObject+Swizzle.h"; sourceTree = "<group>"; };
		64546A681100C02D000AB949 /* libGHUnitIPhone3_0.a */ = {isa = PBXFileReference; lastKnownFileType = archive.ar; path = libGHUnitIPhone3_0.a; sourceTree = "<group>"; };
		64546A691100C02D000AB949 /* Makefile */ = {isa = PBXFileReference; fileEncoding = 4; lastKnownFileType = sourcecode.make; path = Makefile; sourceTree = "<group>"; };
		64546A6A1100C02D000AB949 /* NSException+GHTestFailureExceptions.h */ = {isa = PBXFileReference; fileEncoding = 4; lastKnownFileType = sourcecode.c.h; path = "NSException+GHTestFailureExceptions.h"; sourceTree = "<group>"; };
		64546A6B1100C02D000AB949 /* NSValue+GHValueFormatter.h */ = {isa = PBXFileReference; fileEncoding = 4; lastKnownFileType = sourcecode.c.h; path = "NSValue+GHValueFormatter.h"; sourceTree = "<group>"; };
		64546A6C1100C02D000AB949 /* RunTests.sh */ = {isa = PBXFileReference; fileEncoding = 4; lastKnownFileType = text.script.sh; path = RunTests.sh; sourceTree = "<group>"; };
		64546A761100C19B000AB949 /* Test.app */ = {isa = PBXFileReference; explicitFileType = wrapper.application; includeInIndex = 0; path = Test.app; sourceTree = BUILT_PRODUCTS_DIR; };
		64546A781100C19B000AB949 /* Test-Info.plist */ = {isa = PBXFileReference; lastKnownFileType = text.plist.xml; path = "Test-Info.plist"; sourceTree = "<group>"; };
		64546A7C1100C1C5000AB949 /* Foundation.framework */ = {isa = PBXFileReference; lastKnownFileType = wrapper.framework; name = Foundation.framework; path = iphoneos2.0/System/Library/Frameworks/Foundation.framework; sourceTree = "<group>"; };
		64546A7E1100C1CA000AB949 /* UIKit.framework */ = {isa = PBXFileReference; lastKnownFileType = wrapper.framework; name = UIKit.framework; path = iphoneos2.0/System/Library/Frameworks/UIKit.framework; sourceTree = "<group>"; };
		64546A801100C1CE000AB949 /* CoreGraphics.framework */ = {isa = PBXFileReference; lastKnownFileType = wrapper.framework; name = CoreGraphics.framework; path = iphoneos2.0/System/Library/Frameworks/CoreGraphics.framework; sourceTree = "<group>"; };
		64546A821100C1D8000AB949 /* CoreLocation.framework */ = {isa = PBXFileReference; lastKnownFileType = wrapper.framework; name = CoreLocation.framework; path = iphoneos2.0/System/Library/Frameworks/CoreLocation.framework; sourceTree = "<group>"; };
		64546A971100C4E3000AB949 /* TestParsing.m */ = {isa = PBXFileReference; fileEncoding = 4; lastKnownFileType = sourcecode.c.objc; path = TestParsing.m; sourceTree = "<group>"; };
		8D1107310486CEB800E47090 /* Info.plist */ = {isa = PBXFileReference; fileEncoding = 4; lastKnownFileType = text.plist.xml; path = Info.plist; sourceTree = "<group>"; };
		AF3C35E70F5742B20007C667 /* Station.h */ = {isa = PBXFileReference; fileEncoding = 4; lastKnownFileType = sourcecode.c.h; path = Station.h; sourceTree = "<group>"; };
		AF3C35E80F5742B20007C667 /* Station.m */ = {isa = PBXFileReference; fileEncoding = 4; lastKnownFileType = sourcecode.c.objc; path = Station.m; sourceTree = "<group>"; };
		AFFDFAB60F5EEF0300CF312B /* StationXmlReader.h */ = {isa = PBXFileReference; fileEncoding = 4; lastKnownFileType = sourcecode.c.h; path = StationXmlReader.h; sourceTree = "<group>"; };
		AFFDFAB70F5EEF0300CF312B /* StationXmlReader.m */ = {isa = PBXFileReference; fileEncoding = 4; lastKnownFileType = sourcecode.c.objc; path = StationXmlReader.m; sourceTree = "<group>"; };
		D309B6FA0F76908E009E29A2 /* StationLoadingViewController.h */ = {isa = PBXFileReference; fileEncoding = 4; lastKnownFileType = sourcecode.c.h; path = StationLoadingViewController.h; sourceTree = "<group>"; };
		D309B6FB0F76908E009E29A2 /* StationLoadingViewController.m */ = {isa = PBXFileReference; fileEncoding = 4; lastKnownFileType = sourcecode.c.objc; path = StationLoadingViewController.m; sourceTree = "<group>"; };
		D31BC17F0F75AB3D005DE40E /* StationLoadingViewController.xib */ = {isa = PBXFileReference; lastKnownFileType = file.xib; path = StationLoadingViewController.xib; sourceTree = "<group>"; };
		D31E12770FB1F4A800B9799F /* StationDetailViewController.xib */ = {isa = PBXFileReference; lastKnownFileType = file.xib; path = StationDetailViewController.xib; sourceTree = "<group>"; };
		D31E12790FB1F4CD00B9799F /* StationDetailViewController.h */ = {isa = PBXFileReference; fileEncoding = 4; lastKnownFileType = sourcecode.c.h; path = StationDetailViewController.h; sourceTree = "<group>"; };
		D31E127A0FB1F4CD00B9799F /* StationDetailViewController.m */ = {isa = PBXFileReference; fileEncoding = 4; lastKnownFileType = sourcecode.c.objc; path = StationDetailViewController.m; sourceTree = "<group>"; };
		D336232C0F92618D00AA0C32 /* StationCell.h */ = {isa = PBXFileReference; fileEncoding = 4; lastKnownFileType = sourcecode.c.h; path = StationCell.h; sourceTree = "<group>"; };
		D336232D0F92618D00AA0C32 /* StationCell.m */ = {isa = PBXFileReference; fileEncoding = 4; lastKnownFileType = sourcecode.c.objc; path = StationCell.m; sourceTree = "<group>"; };
		D336233F0F92640800AA0C32 /* radio-1.png */ = {isa = PBXFileReference; lastKnownFileType = image.png; path = "radio-1.png"; sourceTree = "<group>"; };
		D33623400F92640800AA0C32 /* radio-10.png */ = {isa = PBXFileReference; lastKnownFileType = image.png; path = "radio-10.png"; sourceTree = "<group>"; };
		D33623410F92640800AA0C32 /* radio-11.png */ = {isa = PBXFileReference; lastKnownFileType = image.png; path = "radio-11.png"; sourceTree = "<group>"; };
		D33623420F92640800AA0C32 /* radio-12.png */ = {isa = PBXFileReference; lastKnownFileType = image.png; path = "radio-12.png"; sourceTree = "<group>"; };
		D33623430F92640800AA0C32 /* radio-13.png */ = {isa = PBXFileReference; lastKnownFileType = image.png; path = "radio-13.png"; sourceTree = "<group>"; };
		D33623440F92640800AA0C32 /* radio-14.png */ = {isa = PBXFileReference; lastKnownFileType = image.png; path = "radio-14.png"; sourceTree = "<group>"; };
		D33623450F92640800AA0C32 /* radio-15.png */ = {isa = PBXFileReference; lastKnownFileType = image.png; path = "radio-15.png"; sourceTree = "<group>"; };
		D33623460F92640800AA0C32 /* radio-16.png */ = {isa = PBXFileReference; lastKnownFileType = image.png; path = "radio-16.png"; sourceTree = "<group>"; };
		D33623470F92640800AA0C32 /* radio-17.png */ = {isa = PBXFileReference; lastKnownFileType = image.png; path = "radio-17.png"; sourceTree = "<group>"; };
		D33623480F92640800AA0C32 /* radio-18.png */ = {isa = PBXFileReference; lastKnownFileType = image.png; path = "radio-18.png"; sourceTree = "<group>"; };
		D33623490F92640800AA0C32 /* radio-19.png */ = {isa = PBXFileReference; lastKnownFileType = image.png; path = "radio-19.png"; sourceTree = "<group>"; };
		D336234A0F92640800AA0C32 /* radio-2.png */ = {isa = PBXFileReference; lastKnownFileType = image.png; path = "radio-2.png"; sourceTree = "<group>"; };
		D336234B0F92640800AA0C32 /* radio-20.png */ = {isa = PBXFileReference; lastKnownFileType = image.png; path = "radio-20.png"; sourceTree = "<group>"; };
		D336234C0F92640800AA0C32 /* radio-21.png */ = {isa = PBXFileReference; lastKnownFileType = image.png; path = "radio-21.png"; sourceTree = "<group>"; };
		D336234D0F92640800AA0C32 /* radio-22.png */ = {isa = PBXFileReference; lastKnownFileType = image.png; path = "radio-22.png"; sourceTree = "<group>"; };
		D336234E0F92640800AA0C32 /* radio-23.png */ = {isa = PBXFileReference; lastKnownFileType = image.png; path = "radio-23.png"; sourceTree = "<group>"; };
		D336234F0F92640800AA0C32 /* radio-24.png */ = {isa = PBXFileReference; lastKnownFileType = image.png; path = "radio-24.png"; sourceTree = "<group>"; };
		D33623500F92640800AA0C32 /* radio-25.png */ = {isa = PBXFileReference; lastKnownFileType = image.png; path = "radio-25.png"; sourceTree = "<group>"; };
		D33623510F92640800AA0C32 /* radio-26.png */ = {isa = PBXFileReference; lastKnownFileType = image.png; path = "radio-26.png"; sourceTree = "<group>"; };
		D33623520F92640800AA0C32 /* radio-27.png */ = {isa = PBXFileReference; lastKnownFileType = image.png; path = "radio-27.png"; sourceTree = "<group>"; };
		D33623530F92640800AA0C32 /* radio-28.png */ = {isa = PBXFileReference; lastKnownFileType = image.png; path = "radio-28.png"; sourceTree = "<group>"; };
		D33623540F92640800AA0C32 /* radio-29.png */ = {isa = PBXFileReference; lastKnownFileType = image.png; path = "radio-29.png"; sourceTree = "<group>"; };
		D33623550F92640800AA0C32 /* radio-3.png */ = {isa = PBXFileReference; lastKnownFileType = image.png; path = "radio-3.png"; sourceTree = "<group>"; };
		D33623560F92640800AA0C32 /* radio-30.png */ = {isa = PBXFileReference; lastKnownFileType = image.png; path = "radio-30.png"; sourceTree = "<group>"; };
		D33623570F92640800AA0C32 /* radio-31.png */ = {isa = PBXFileReference; lastKnownFileType = image.png; path = "radio-31.png"; sourceTree = "<group>"; };
		D33623580F92640800AA0C32 /* radio-32.png */ = {isa = PBXFileReference; lastKnownFileType = image.png; path = "radio-32.png"; sourceTree = "<group>"; };
		D33623590F92640800AA0C32 /* radio-33.png */ = {isa = PBXFileReference; lastKnownFileType = image.png; path = "radio-33.png"; sourceTree = "<group>"; };
		D336235A0F92640800AA0C32 /* radio-34.png */ = {isa = PBXFileReference; lastKnownFileType = image.png; path = "radio-34.png"; sourceTree = "<group>"; };
		D336235B0F92640800AA0C32 /* radio-35.png */ = {isa = PBXFileReference; lastKnownFileType = image.png; path = "radio-35.png"; sourceTree = "<group>"; };
		D336235C0F92640800AA0C32 /* radio-36.png */ = {isa = PBXFileReference; lastKnownFileType = image.png; path = "radio-36.png"; sourceTree = "<group>"; };
		D336235D0F92640800AA0C32 /* radio-37.png */ = {isa = PBXFileReference; lastKnownFileType = image.png; path = "radio-37.png"; sourceTree = "<group>"; };
		D336235E0F92640800AA0C32 /* radio-38.png */ = {isa = PBXFileReference; lastKnownFileType = image.png; path = "radio-38.png"; sourceTree = "<group>"; };
		D336235F0F92640800AA0C32 /* radio-39.png */ = {isa = PBXFileReference; lastKnownFileType = image.png; path = "radio-39.png"; sourceTree = "<group>"; };
		D33623600F92640800AA0C32 /* radio-4.png */ = {isa = PBXFileReference; lastKnownFileType = image.png; path = "radio-4.png"; sourceTree = "<group>"; };
		D33623610F92640900AA0C32 /* radio-40.png */ = {isa = PBXFileReference; lastKnownFileType = image.png; path = "radio-40.png"; sourceTree = "<group>"; };
		D33623620F92640900AA0C32 /* radio-5.png */ = {isa = PBXFileReference; lastKnownFileType = image.png; path = "radio-5.png"; sourceTree = "<group>"; };
		D33623630F92640900AA0C32 /* radio-6.png */ = {isa = PBXFileReference; lastKnownFileType = image.png; path = "radio-6.png"; sourceTree = "<group>"; };
		D33623640F92640900AA0C32 /* radio-7.png */ = {isa = PBXFileReference; lastKnownFileType = image.png; path = "radio-7.png"; sourceTree = "<group>"; };
		D33623650F92640900AA0C32 /* radio-8.png */ = {isa = PBXFileReference; lastKnownFileType = image.png; path = "radio-8.png"; sourceTree = "<group>"; };
		D33623660F92640900AA0C32 /* radio-9.png */ = {isa = PBXFileReference; lastKnownFileType = image.png; path = "radio-9.png"; sourceTree = "<group>"; };
		D363E5BA0F8964D7005A3CE1 /* Default.png */ = {isa = PBXFileReference; lastKnownFileType = image.png; path = Default.png; sourceTree = "<group>"; };
		D363E5C30F896603005A3CE1 /* radio.png */ = {isa = PBXFileReference; lastKnownFileType = image.png; path = radio.png; sourceTree = "<group>"; };
		D39066B00F60A3A60084EF32 /* CoreGraphics.framework */ = {isa = PBXFileReference; lastKnownFileType = wrapper.framework; name = CoreGraphics.framework; path = System/Library/Frameworks/CoreGraphics.framework; sourceTree = SDKROOT; };
		D3A29E490F5F8A240021E1B6 /* CoreLocation.framework */ = {isa = PBXFileReference; lastKnownFileType = wrapper.framework; name = CoreLocation.framework; path = System/Library/Frameworks/CoreLocation.framework; sourceTree = SDKROOT; };
		D3E4D2070F8AE55500D6E6B7 /* StationCell.xib */ = {isa = PBXFileReference; lastKnownFileType = file.xib; path = StationCell.xib; sourceTree = "<group>"; };
/* End PBXFileReference section */

/* Begin PBXFrameworksBuildPhase section */
		1D60588F0D05DD3D006BFB54 /* Frameworks */ = {
			isa = PBXFrameworksBuildPhase;
			buildActionMask = 2147483647;
			files = (
				1D60589F0D05DD5A006BFB54 /* Foundation.framework in Frameworks */,
				1DF5F4E00D08C38300B7A737 /* UIKit.framework in Frameworks */,
				D3A29E4A0F5F8A240021E1B6 /* CoreLocation.framework in Frameworks */,
				D39066B10F60A3A60084EF32 /* CoreGraphics.framework in Frameworks */,
				64546A6E1100C02D000AB949 /* libGHUnitIPhone3_0.a in Frameworks */,
			);
			runOnlyForDeploymentPostprocessing = 0;
		};
		64546A741100C19B000AB949 /* Frameworks */ = {
			isa = PBXFrameworksBuildPhase;
			buildActionMask = 2147483647;
			files = (
				64546A7D1100C1C5000AB949 /* Foundation.framework in Frameworks */,
				64546A7F1100C1CA000AB949 /* UIKit.framework in Frameworks */,
				64546A811100C1CE000AB949 /* CoreGraphics.framework in Frameworks */,
				64546A831100C1D8000AB949 /* CoreLocation.framework in Frameworks */,
				64546A841100C1EC000AB949 /* libGHUnitIPhone3_0.a in Frameworks */,
			);
			runOnlyForDeploymentPostprocessing = 0;
		};
/* End PBXFrameworksBuildPhase section */

/* Begin PBXGroup section */
		080E96DDFE201D6D7F000001 /* Classes */ = {
			isa = PBXGroup;
			children = (
				D336231B0F92614F00AA0C32 /* Views */,
				D309B7150F76919A009E29A2 /* Controllers */,
				D309B70D0F769110009E29A2 /* Models */,
				AFFDFAB60F5EEF0300CF312B /* StationXmlReader.h */,
				AFFDFAB70F5EEF0300CF312B /* StationXmlReader.m */,
			);
			path = Classes;
			sourceTree = "<group>";
		};
		19C28FACFE9D520D11CA2CBB /* Products */ = {
			isa = PBXGroup;
			children = (
				1D6058910D05DD3D006BFB54 /* StationFinder.app */,
				64546A761100C19B000AB949 /* Test.app */,
			);
			name = Products;
			sourceTree = "<group>";
		};
		29B97314FDCFA39411CA2CEA /* CustomTemplate */ = {
			isa = PBXGroup;
			children = (
				64546A961100C4D3000AB949 /* Tests */,
				64546A461100BFDA000AB949 /* Libraries */,
				080E96DDFE201D6D7F000001 /* Classes */,
				29B97315FDCFA39411CA2CEA /* Other Sources */,
				29B97317FDCFA39411CA2CEA /* Resources */,
				29B97323FDCFA39411CA2CEA /* Frameworks */,
				19C28FACFE9D520D11CA2CBB /* Products */,
				D31E12770FB1F4A800B9799F /* StationDetailViewController.xib */,
				64546A781100C19B000AB949 /* Test-Info.plist */,
			);
			name = CustomTemplate;
			sourceTree = "<group>";
		};
		29B97315FDCFA39411CA2CEA /* Other Sources */ = {
			isa = PBXGroup;
			children = (
				32CA4F630368D1EE00C91783 /* StationFinder_Prefix.pch */,
				29B97316FDCFA39411CA2CEA /* main.m */,
			);
			name = "Other Sources";
			sourceTree = "<group>";
		};
		29B97317FDCFA39411CA2CEA /* Resources */ = {
			isa = PBXGroup;
			children = (
				D336233E0F92640800AA0C32 /* AnimationSteps */,
				D363E5C30F896603005A3CE1 /* radio.png */,
				D363E5BA0F8964D7005A3CE1 /* Default.png */,
				D31BC17F0F75AB3D005DE40E /* StationLoadingViewController.xib */,
				2899E5210DE3E06400AC0155 /* StationListingViewController.xib */,
				28AD733E0D9D9553002E5188 /* MainWindow.xib */,
				8D1107310486CEB800E47090 /* Info.plist */,
				D3E4D2070F8AE55500D6E6B7 /* StationCell.xib */,
			);
			name = Resources;
			sourceTree = "<group>";
		};
		29B97323FDCFA39411CA2CEA /* Frameworks */ = {
			isa = PBXGroup;
			children = (
				64546A7C1100C1C5000AB949 /* Foundation.framework */,
				64546A7E1100C1CA000AB949 /* UIKit.framework */,
				64546A801100C1CE000AB949 /* CoreGraphics.framework */,
				64546A821100C1D8000AB949 /* CoreLocation.framework */,
				D39066B00F60A3A60084EF32 /* CoreGraphics.framework */,
				D3A29E490F5F8A240021E1B6 /* CoreLocation.framework */,
				1DF5F4DF0D08C38300B7A737 /* UIKit.framework */,
				1D30AB110D05D00D00671497 /* Foundation.framework */,
			);
			name = Frameworks;
			sourceTree = "<group>";
		};
		64546A461100BFDA000AB949 /* Libraries */ = {
			isa = PBXGroup;
			children = (
				64546A5B1100C02D000AB949 /* libGHUnitIPhone3_0-0.4.18 */,
			);
			path = Libraries;
			sourceTree = "<group>";
		};
		64546A5B1100C02D000AB949 /* libGHUnitIPhone3_0-0.4.18 */ = {
			isa = PBXGroup;
			children = (
				64546A5C1100C02D000AB949 /* GHAsyncTestCase.h */,
				64546A5D1100C02D000AB949 /* GHTest.h */,
				64546A5E1100C02D000AB949 /* GHTestCase.h */,
				64546A5F1100C02D000AB949 /* GHTestGroup.h */,
				64546A601100C02D000AB949 /* GHTesting.h */,
				64546A611100C02D000AB949 /* GHTestMacros.h */,
				64546A621100C02D000AB949 /* GHTestRunner.h */,
				64546A631100C02D000AB949 /* GHTestSuite.h */,
				64546A641100C02D000AB949 /* GHUnit.h */,
				64546A651100C02D000AB949 /* GHUnitIPhoneAppDelegate.h */,
				64546A661100C02D000AB949 /* GHUnitIPhoneTestMain.m */,
				64546A671100C02D000AB949 /* GHUNSObject+Swizzle.h */,
				64546A681100C02D000AB949 /* libGHUnitIPhone3_0.a */,
				64546A691100C02D000AB949 /* Makefile */,
				64546A6A1100C02D000AB949 /* NSException+GHTestFailureExceptions.h */,
				64546A6B1100C02D000AB949 /* NSValue+GHValueFormatter.h */,
				64546A6C1100C02D000AB949 /* RunTests.sh */,
			);
			path = "libGHUnitIPhone3_0-0.4.18";
			sourceTree = "<group>";
		};
		64546A961100C4D3000AB949 /* Tests */ = {
			isa = PBXGroup;
			children = (
				64546A971100C4E3000AB949 /* TestParsing.m */,
				640AE5D41100D382002A4597 /* TestStation.m */,
			);
			name = Tests;
			sourceTree = "<group>";
		};
		D309B70D0F769110009E29A2 /* Models */ = {
			isa = PBXGroup;
			children = (
				AF3C35E70F5742B20007C667 /* Station.h */,
				AF3C35E80F5742B20007C667 /* Station.m */,
			);
			path = Models;
			sourceTree = "<group>";
		};
		D309B7150F76919A009E29A2 /* Controllers */ = {
			isa = PBXGroup;
			children = (
				28D7ACF60DDB3853001CB0EB /* StationListingViewController.h */,
				D309B6FA0F76908E009E29A2 /* StationLoadingViewController.h */,
				28D7ACF70DDB3853001CB0EB /* StationListingViewController.m */,
				D309B6FB0F76908E009E29A2 /* StationLoadingViewController.m */,
				1D3623240D0F684500981E51 /* StationFinderAppDelegate.h */,
				1D3623250D0F684500981E51 /* StationFinderAppDelegate.m */,
				D31E12790FB1F4CD00B9799F /* StationDetailViewController.h */,
				D31E127A0FB1F4CD00B9799F /* StationDetailViewController.m */,
			);
			path = Controllers;
			sourceTree = "<group>";
		};
		D336231B0F92614F00AA0C32 /* Views */ = {
			isa = PBXGroup;
			children = (
				D336232C0F92618D00AA0C32 /* StationCell.h */,
				D336232D0F92618D00AA0C32 /* StationCell.m */,
			);
			path = Views;
			sourceTree = "<group>";
		};
		D336233E0F92640800AA0C32 /* AnimationSteps */ = {
			isa = PBXGroup;
			children = (
				D336233F0F92640800AA0C32 /* radio-1.png */,
				D33623400F92640800AA0C32 /* radio-10.png */,
				D33623410F92640800AA0C32 /* radio-11.png */,
				D33623420F92640800AA0C32 /* radio-12.png */,
				D33623430F92640800AA0C32 /* radio-13.png */,
				D33623440F92640800AA0C32 /* radio-14.png */,
				D33623450F92640800AA0C32 /* radio-15.png */,
				D33623460F92640800AA0C32 /* radio-16.png */,
				D33623470F92640800AA0C32 /* radio-17.png */,
				D33623480F92640800AA0C32 /* radio-18.png */,
				D33623490F92640800AA0C32 /* radio-19.png */,
				D336234A0F92640800AA0C32 /* radio-2.png */,
				D336234B0F92640800AA0C32 /* radio-20.png */,
				D336234C0F92640800AA0C32 /* radio-21.png */,
				D336234D0F92640800AA0C32 /* radio-22.png */,
				D336234E0F92640800AA0C32 /* radio-23.png */,
				D336234F0F92640800AA0C32 /* radio-24.png */,
				D33623500F92640800AA0C32 /* radio-25.png */,
				D33623510F92640800AA0C32 /* radio-26.png */,
				D33623520F92640800AA0C32 /* radio-27.png */,
				D33623530F92640800AA0C32 /* radio-28.png */,
				D33623540F92640800AA0C32 /* radio-29.png */,
				D33623550F92640800AA0C32 /* radio-3.png */,
				D33623560F92640800AA0C32 /* radio-30.png */,
				D33623570F92640800AA0C32 /* radio-31.png */,
				D33623580F92640800AA0C32 /* radio-32.png */,
				D33623590F92640800AA0C32 /* radio-33.png */,
				D336235A0F92640800AA0C32 /* radio-34.png */,
				D336235B0F92640800AA0C32 /* radio-35.png */,
				D336235C0F92640800AA0C32 /* radio-36.png */,
				D336235D0F92640800AA0C32 /* radio-37.png */,
				D336235E0F92640800AA0C32 /* radio-38.png */,
				D336235F0F92640800AA0C32 /* radio-39.png */,
				D33623600F92640800AA0C32 /* radio-4.png */,
				D33623610F92640900AA0C32 /* radio-40.png */,
				D33623620F92640900AA0C32 /* radio-5.png */,
				D33623630F92640900AA0C32 /* radio-6.png */,
				D33623640F92640900AA0C32 /* radio-7.png */,
				D33623650F92640900AA0C32 /* radio-8.png */,
				D33623660F92640900AA0C32 /* radio-9.png */,
			);
			name = AnimationSteps;
			path = RadioGraphics/AnimationSteps;
			sourceTree = "<group>";
		};
/* End PBXGroup section */

/* Begin PBXNativeTarget section */
		1D6058900D05DD3D006BFB54 /* StationFinder */ = {
			isa = PBXNativeTarget;
			buildConfigurationList = 1D6058960D05DD3E006BFB54 /* Build configuration list for PBXNativeTarget "StationFinder" */;
			buildPhases = (
				1D60588D0D05DD3D006BFB54 /* Resources */,
				1D60588E0D05DD3D006BFB54 /* Sources */,
				1D60588F0D05DD3D006BFB54 /* Frameworks */,
			);
			buildRules = (
			);
			dependencies = (
			);
			name = StationFinder;
			productName = StationFinder;
			productReference = 1D6058910D05DD3D006BFB54 /* StationFinder.app */;
			productType = "com.apple.product-type.application";
		};
		64546A751100C19B000AB949 /* Test */ = {
			isa = PBXNativeTarget;
			buildConfigurationList = 64546A7B1100C19C000AB949 /* Build configuration list for PBXNativeTarget "Test" */;
			buildPhases = (
				64546A721100C19B000AB949 /* Resources */,
				64546A731100C19B000AB949 /* Sources */,
				64546A741100C19B000AB949 /* Frameworks */,
			);
			buildRules = (
			);
			dependencies = (
			);
			name = Test;
			productName = Test;
			productReference = 64546A761100C19B000AB949 /* Test.app */;
			productType = "com.apple.product-type.application";
		};
/* End PBXNativeTarget section */

/* Begin PBXProject section */
		29B97313FDCFA39411CA2CEA /* Project object */ = {
			isa = PBXProject;
			buildConfigurationList = C01FCF4E08A954540054247B /* Build configuration list for PBXProject "StationFinder" */;
			compatibilityVersion = "Xcode 3.1";
			hasScannedForEncodings = 1;
			mainGroup = 29B97314FDCFA39411CA2CEA /* CustomTemplate */;
			projectDirPath = "";
			projectRoot = "";
			targets = (
				1D6058900D05DD3D006BFB54 /* StationFinder */,
				64546A751100C19B000AB949 /* Test */,
			);
		};
/* End PBXProject section */

/* Begin PBXResourcesBuildPhase section */
		1D60588D0D05DD3D006BFB54 /* Resources */ = {
			isa = PBXResourcesBuildPhase;
			buildActionMask = 2147483647;
			files = (
				28AD733F0D9D9553002E5188 /* MainWindow.xib in Resources */,
				2899E5220DE3E06400AC0155 /* StationListingViewController.xib in Resources */,
				D31BC1800F75AB3D005DE40E /* StationLoadingViewController.xib in Resources */,
				D363E5BB0F8964D7005A3CE1 /* Default.png in Resources */,
				D363E5C40F896603005A3CE1 /* radio.png in Resources */,
				D3E4D2080F8AE55500D6E6B7 /* StationCell.xib in Resources */,
				D33623670F92640900AA0C32 /* radio-1.png in Resources */,
				D33623680F92640900AA0C32 /* radio-10.png in Resources */,
				D33623690F92640900AA0C32 /* radio-11.png in Resources */,
				D336236A0F92640900AA0C32 /* radio-12.png in Resources */,
				D336236B0F92640900AA0C32 /* radio-13.png in Resources */,
				D336236C0F92640900AA0C32 /* radio-14.png in Resources */,
				D336236D0F92640900AA0C32 /* radio-15.png in Resources */,
				D336236E0F92640900AA0C32 /* radio-16.png in Resources */,
				D336236F0F92640900AA0C32 /* radio-17.png in Resources */,
				D33623700F92640900AA0C32 /* radio-18.png in Resources */,
				D33623710F92640900AA0C32 /* radio-19.png in Resources */,
				D33623720F92640900AA0C32 /* radio-2.png in Resources */,
				D33623730F92640900AA0C32 /* radio-20.png in Resources */,
				D33623740F92640900AA0C32 /* radio-21.png in Resources */,
				D33623750F92640900AA0C32 /* radio-22.png in Resources */,
				D33623760F92640900AA0C32 /* radio-23.png in Resources */,
				D33623770F92640900AA0C32 /* radio-24.png in Resources */,
				D33623780F92640900AA0C32 /* radio-25.png in Resources */,
				D33623790F92640900AA0C32 /* radio-26.png in Resources */,
				D336237A0F92640900AA0C32 /* radio-27.png in Resources */,
				D336237B0F92640900AA0C32 /* radio-28.png in Resources */,
				D336237C0F92640900AA0C32 /* radio-29.png in Resources */,
				D336237D0F92640900AA0C32 /* radio-3.png in Resources */,
				D336237E0F92640900AA0C32 /* radio-30.png in Resources */,
				D336237F0F92640900AA0C32 /* radio-31.png in Resources */,
				D33623800F92640900AA0C32 /* radio-32.png in Resources */,
				D33623810F92640900AA0C32 /* radio-33.png in Resources */,
				D33623820F92640900AA0C32 /* radio-34.png in Resources */,
				D33623830F92640900AA0C32 /* radio-35.png in Resources */,
				D33623840F92640900AA0C32 /* radio-36.png in Resources */,
				D33623850F92640900AA0C32 /* radio-37.png in Resources */,
				D33623860F92640900AA0C32 /* radio-38.png in Resources */,
				D33623870F92640900AA0C32 /* radio-39.png in Resources */,
				D33623880F92640900AA0C32 /* radio-4.png in Resources */,
				D33623890F92640900AA0C32 /* radio-40.png in Resources */,
				D336238A0F92640900AA0C32 /* radio-5.png in Resources */,
				D336238B0F92640900AA0C32 /* radio-6.png in Resources */,
				D336238C0F92640900AA0C32 /* radio-7.png in Resources */,
				D336238D0F92640900AA0C32 /* radio-8.png in Resources */,
				D336238E0F92640900AA0C32 /* radio-9.png in Resources */,
				D31E12780FB1F4A800B9799F /* StationDetailViewController.xib in Resources */,
				64546A701100C02D000AB949 /* RunTests.sh in Resources */,
			);
			runOnlyForDeploymentPostprocessing = 0;
		};
		64546A721100C19B000AB949 /* Resources */ = {
			isa = PBXResourcesBuildPhase;
			buildActionMask = 2147483647;
			files = (
			);
			runOnlyForDeploymentPostprocessing = 0;
		};
/* End PBXResourcesBuildPhase section */

/* Begin PBXSourcesBuildPhase section */
		1D60588E0D05DD3D006BFB54 /* Sources */ = {
			isa = PBXSourcesBuildPhase;
			buildActionMask = 2147483647;
			files = (
				1D60589B0D05DD56006BFB54 /* main.m in Sources */,
				1D3623260D0F684500981E51 /* StationFinderAppDelegate.m in Sources */,
				28D7ACF80DDB3853001CB0EB /* StationListingViewController.m in Sources */,
				AF3C35E90F5742B20007C667 /* Station.m in Sources */,
				AFFDFAB80F5EEF0300CF312B /* StationXmlReader.m in Sources */,
				D309B6FC0F76908E009E29A2 /* StationLoadingViewController.m in Sources */,
				D336232E0F92618D00AA0C32 /* StationCell.m in Sources */,
				D31E127B0FB1F4CD00B9799F /* StationDetailViewController.m in Sources */,
			);
			runOnlyForDeploymentPostprocessing = 0;
		};
		64546A731100C19B000AB949 /* Sources */ = {
			isa = PBXSourcesBuildPhase;
			buildActionMask = 2147483647;
			files = (
				640AE5E11100D5A6002A4597 /* Station.m in Sources */,
				64546A931100C412000AB949 /* GHUnitIPhoneTestMain.m in Sources */,
				64546A981100C4E3000AB949 /* TestParsing.m in Sources */,
				640AE5D51100D382002A4597 /* TestStation.m in Sources */,
			);
			runOnlyForDeploymentPostprocessing = 0;
		};
/* End PBXSourcesBuildPhase section */

/* Begin XCBuildConfiguration section */
		1D6058940D05DD3E006BFB54 /* Debug */ = {
			isa = XCBuildConfiguration;
			buildSettings = {
				ALWAYS_SEARCH_USER_PATHS = NO;
				COPY_PHASE_STRIP = NO;
				GCC_DYNAMIC_NO_PIC = NO;
				GCC_OPTIMIZATION_LEVEL = 0;
				GCC_PRECOMPILE_PREFIX_HEADER = YES;
				GCC_PREFIX_HEADER = StationFinder_Prefix.pch;
				INFOPLIST_FILE = Info.plist;
				LIBRARY_SEARCH_PATHS = (
					"$(inherited)",
					"\"$(SRCROOT)/Libraries/libGHUnitIPhone3_0-0.4.18\"",
				);
				PRODUCT_NAME = StationFinder;
			};
			name = Debug;
		};
		1D6058950D05DD3E006BFB54 /* Release */ = {
			isa = XCBuildConfiguration;
			buildSettings = {
				ALWAYS_SEARCH_USER_PATHS = NO;
				COPY_PHASE_STRIP = YES;
				GCC_PRECOMPILE_PREFIX_HEADER = YES;
				GCC_PREFIX_HEADER = StationFinder_Prefix.pch;
				INFOPLIST_FILE = Info.plist;
				LIBRARY_SEARCH_PATHS = (
					"$(inherited)",
					"\"$(SRCROOT)/Libraries/libGHUnitIPhone3_0-0.4.18\"",
				);
				PRODUCT_NAME = StationFinder;
			};
			name = Release;
		};
		64546A791100C19C000AB949 /* Debug */ = {
			isa = XCBuildConfiguration;
			buildSettings = {
				ALWAYS_SEARCH_USER_PATHS = NO;
				CODE_SIGN_IDENTITY = "iPhone Developer";
				COPY_PHASE_STRIP = NO;
				GCC_DYNAMIC_NO_PIC = NO;
				GCC_OPTIMIZATION_LEVEL = 0;
				GCC_PRECOMPILE_PREFIX_HEADER = YES;
				GCC_PREFIX_HEADER = "$(SYSTEM_LIBRARY_DIR)/Frameworks/UIKit.framework/Headers/UIKit.h";
				INFOPLIST_FILE = "Test-Info.plist";
				INSTALL_PATH = "$(HOME)/Applications";
				LIBRARY_SEARCH_PATHS = (
					"$(inherited)",
					"\"$(SRCROOT)/Libraries/libGHUnitIPhone3_0-0.4.18\"",
				);
				OTHER_LDFLAGS = (
					"-ObjC",
					"-framework",
					Foundation,
					"-framework",
					UIKit,
				);
				PREBINDING = NO;
				PRODUCT_NAME = Test;
				SDKROOT = iphoneos3.1.2;
			};
			name = Debug;
		};
		64546A7A1100C19C000AB949 /* Release */ = {
			isa = XCBuildConfiguration;
			buildSettings = {
				ALWAYS_SEARCH_USER_PATHS = NO;
				CODE_SIGN_IDENTITY = "iPhone Developer";
				COPY_PHASE_STRIP = YES;
				DEBUG_INFORMATION_FORMAT = "dwarf-with-dsym";
				GCC_ENABLE_FIX_AND_CONTINUE = NO;
				GCC_PRECOMPILE_PREFIX_HEADER = YES;
				GCC_PREFIX_HEADER = "$(SYSTEM_LIBRARY_DIR)/Frameworks/UIKit.framework/Headers/UIKit.h";
				INFOPLIST_FILE = "Test-Info.plist";
				INSTALL_PATH = "$(HOME)/Applications";
				LIBRARY_SEARCH_PATHS = (
					"$(inherited)",
					"\"$(SRCROOT)/Libraries/libGHUnitIPhone3_0-0.4.18\"",
				);
				OTHER_LDFLAGS = (
					"-framework",
					Foundation,
					"-framework",
					UIKit,
				);
				PREBINDING = NO;
				PRODUCT_NAME = Test;
				SDKROOT = iphoneos3.1.2;
				ZERO_LINK = NO;
			};
			name = Release;
		};
		C01FCF4F08A954540054247B /* Debug */ = {
			isa = XCBuildConfiguration;
			buildSettings = {
				ARCHS = "$(ARCHS_STANDARD_32_BIT)";
				"CODE_SIGN_IDENTITY[sdk=iphoneos*]" = "iPhone Developer";
				GCC_C_LANGUAGE_STANDARD = c99;
				GCC_WARN_ABOUT_RETURN_TYPE = YES;
				GCC_WARN_UNUSED_VARIABLE = YES;
				ONLY_ACTIVE_ARCH = YES;
				PREBINDING = NO;
				SDKROOT = iphoneos2.0;
			};
			name = Debug;
		};
		C01FCF5008A954540054247B /* Release */ = {
			isa = XCBuildConfiguration;
			buildSettings = {
				ARCHS = "$(ARCHS_STANDARD_32_BIT)";
				"CODE_SIGN_IDENTITY[sdk=iphoneos*]" = "iPhone Developer";
				GCC_C_LANGUAGE_STANDARD = c99;
				GCC_WARN_ABOUT_RETURN_TYPE = YES;
				GCC_WARN_UNUSED_VARIABLE = YES;
				PREBINDING = NO;
				SDKROOT = iphoneos2.0;
			};
			name = Release;
		};
/* End XCBuildConfiguration section */

/* Begin XCConfigurationList section */
		1D6058960D05DD3E006BFB54 /* Build configuration list for PBXNativeTarget "StationFinder" */ = {
			isa = XCConfigurationList;
			buildConfigurations = (
				1D6058940D05DD3E006BFB54 /* Debug */,
				1D6058950D05DD3E006BFB54 /* Release */,
			);
			defaultConfigurationIsVisible = 0;
			defaultConfigurationName = Release;
		};
		64546A7B1100C19C000AB949 /* Build configuration list for PBXNativeTarget "Test" */ = {
			isa = XCConfigurationList;
			buildConfigurations = (
				64546A791100C19C000AB949 /* Debug */,
				64546A7A1100C19C000AB949 /* Release */,
			);
			defaultConfigurationIsVisible = 0;
			defaultConfigurationName = Release;
		};
		C01FCF4E08A954540054247B /* Build configuration list for PBXProject "StationFinder" */ = {
			isa = XCConfigurationList;
			buildConfigurations = (
				C01FCF4F08A954540054247B /* Debug */,
				C01FCF5008A954540054247B /* Release */,
			);
			defaultConfigurationIsVisible = 0;
			defaultConfigurationName = Release;
		};
/* End XCConfigurationList section */
	};
	rootObject = 29B97313FDCFA39411CA2CEA /* Project object */;
}
